
Microsoft Visual Studio Solution File, Format Version 12.00
# Visual Studio 15
VisualStudioVersion = 15.0.28016.0
MinimumVisualStudioVersion = 10.0.40219.1
Project("{FAE04EC0-301F-11D3-BF4B-00C04F79EFBC}") = "Week3Android", "Week3Android\Week3Android.csproj", "{1ED779C7-C81F-4AFF-BC0B-66AFA16FBE18}"
EndProject
Global
	GlobalSection(SolutionConfigurationPlatforms) = preSolution
		Debug|Any CPU = Debug|Any CPU
		Release|Any CPU = Release|Any CPU
	EndGlobalSection
	GlobalSection(ProjectConfigurationPlatforms) = postSolution
		{1ED779C7-C81F-4AFF-BC0B-66AFA16FBE18}.Debug|Any CPU.ActiveCfg = Debug|Any CPU
		{1ED779C7-C81F-4AFF-BC0B-66AFA16FBE18}.Debug|Any CPU.Build.0 = Debug|Any CPU
		{1ED779C7-C81F-4AFF-BC0B-66AFA16FBE18}.Debug|Any CPU.Deploy.0 = Debug|Any CPU
		{1ED779C7-C81F-4AFF-BC0B-66AFA16FBE18}.Release|Any CPU.ActiveCfg = Release|Any CPU
		{1ED779C7-C81F-4AFF-BC0B-66AFA16FBE18}.Release|Any CPU.Build.0 = Release|Any CPU
		{1ED779C7-C81F-4AFF-BC0B-66AFA16FBE18}.Release|Any CPU.Deploy.0 = Release|Any CPU
	EndGlobalSection
	GlobalSection(SolutionProperties) = preSolution
		HideSolutionNode = FALSE
	EndGlobalSection
	GlobalSection(ExtensibilityGlobals) = postSolution
		SolutionGuid = {DB79FC3F-53A7-471D-AD79-D4365404A65C}
	EndGlobalSection
EndGlobal
